Microsoft Visual Studio Solution File, Format Version 12.00
# Visual Studio 15
VisualStudioVersion = 15.0.27130.0
MinimumVisualStudioVersion = 15.0.26124.0
Project("{9A19103F-16F7-4668-BE54-9A1E7A4F7556}") = "shakespeare.ui", "shakespeare.ui\shakespeare.ui.csproj", "{A1F7F0B6-B5A0-41B1-B56A-AD004AA7F3CE}"
EndProject
Project("{9A19103F-16F7-4668-BE54-9A1E7A4F7556}") = "shakespeare.core", "shakespeare.core\shakespeare.core.csproj", "{2DF5F3E3-FA62-489C-A149-266DAC3ACBAA}"
EndProject
Project("{9A19103F-16F7-4668-BE54-9A1E7A4F7556}") = "shakespeare.tests", "shakespeare.tests\shakespeare.tests.csproj", "{EB93EA03-2ACE-414D-A38D-C80E9C9597D4}"
EndProject
Global
	GlobalSection(SolutionConfigurationPlatforms) = preSolution
		Debug|Any CPU = Debug|Any CPU
		Debug|x64 = Debug|x64
		Debug|x86 = Debug|x86
		Release|Any CPU = Release|Any CPU
		Release|x64 = Release|x64
		Release|x86 = Release|x86
	EndGlobalSection
	GlobalSection(ProjectConfigurationPlatforms) = postSolution
		{A1F7F0B6-B5A0-41B1-B56A-AD004AA7F3CE}.Debug|Any CPU.ActiveCfg = Debug|Any CPU
		{A1F7F0B6-B5A0-41B1-B56A-AD004AA7F3CE}.Debug|Any CPU.Build.0 = Debug|Any CPU
		{A1F7F0B6-B5A0-41B1-B56A-AD004AA7F3CE}.Debug|x64.ActiveCfg = Debug|Any CPU
		{A1F7F0B6-B5A0-41B1-B56A-AD004AA7F3CE}.Debug|x64.Build.0 = Debug|Any CPU
		{A1F7F0B6-B5A0-41B1-B56A-AD004AA7F3CE}.Debug|x86.ActiveCfg = Debug|Any CPU
		{A1F7F0B6-B5A0-41B1-B56A-AD004AA7F3CE}.Debug|x86.Build.0 = Debug|Any CPU
		{A1F7F0B6-B5A0-41B1-B56A-AD004AA7F3CE}.Release|Any CPU.ActiveCfg = Release|Any CPU
		{A1F7F0B6-B5A0-41B1-B56A-AD004AA7F3CE}.Release|Any CPU.Build.0 = Release|Any CPU
		{A1F7F0B6-B5A0-41B1-B56A-AD004AA7F3CE}.Release|x64.ActiveCfg = Release|Any CPU
		{A1F7F0B6-B5A0-41B1-B56A-AD004AA7F3CE}.Release|x64.Build.0 = Release|Any CPU
		{A1F7F0B6-B5A0-41B1-B56A-AD004AA7F3CE}.Release|x86.ActiveCfg = Release|Any CPU
		{A1F7F0B6-B5A0-41B1-B56A-AD004AA7F3CE}.Release|x86.Build.0 = Release|Any CPU
		{2DF5F3E3-FA62-489C-A149-266DAC3ACBAA}.Debug|Any CPU.ActiveCfg = Debug|Any CPU
		{2DF5F3E3-FA62-489C-A149-266DAC3ACBAA}.Debug|Any CPU.Build.0 = Debug|Any CPU
		{2DF5F3E3-FA62-489C-A149-266DAC3ACBAA}.Debug|x64.ActiveCfg = Debug|Any CPU
		{2DF5F3E3-FA62-489C-A149-266DAC3ACBAA}.Debug|x64.Build.0 = Debug|Any CPU
		{2DF5F3E3-FA62-489C-A149-266DAC3ACBAA}.Debug|x86.ActiveCfg = Debug|Any CPU
		{2DF5F3E3-FA62-489C-A149-266DAC3ACBAA}.Debug|x86.Build.0 = Debug|Any CPU
		{2DF5F3E3-FA62-489C-A149-266DAC3ACBAA}.Release|Any CPU.ActiveCfg = Release|Any CPU
		{2DF5F3E3-FA62-489C-A149-266DAC3ACBAA}.Release|Any CPU.Build.0 = Release|Any CPU
		{2DF5F3E3-FA62-489C-A149-266DAC3ACBAA}.Release|x64.ActiveCfg = Release|Any CPU
		{2DF5F3E3-FA62-489C-A149-266DAC3ACBAA}.Release|x64.Build.0 = Release|Any CPU
		{2DF5F3E3-FA62-489C-A149-266DAC3ACBAA}.Release|x86.ActiveCfg = Release|Any CPU
		{2DF5F3E3-FA62-489C-A149-266DAC3ACBAA}.Release|x86.Build.0 = Release|Any CPU
		{EB93EA03-2ACE-414D-A38D-C80E9C9597D4}.Debug|Any CPU.ActiveCfg = Debug|Any CPU
		{EB93EA03-2ACE-414D-A38D-C80E9C9597D4}.Debug|Any CPU.Build.0 = Debug|Any CPU
		{EB93EA03-2ACE-414D-A38D-C80E9C9597D4}.Debug|x64.ActiveCfg = Debug|Any CPU
		{EB93EA03-2ACE-414D-A38D-C80E9C9597D4}.Debug|x64.Build.0 = Debug|Any CPU
		{EB93EA03-2ACE-414D-A38D-C80E9C9597D4}.Debug|x86.ActiveCfg = Debug|Any CPU
		{EB93EA03-2ACE-414D-A38D-C80E9C9597D4}.Debug|x86.Build.0 = Debug|Any CPU
		{EB93EA03-2ACE-414D-A38D-C80E9C9597D4}.Release|Any CPU.ActiveCfg = Release|Any CPU
		{EB93EA03-2ACE-414D-A38D-C80E9C9597D4}.Release|Any CPU.Build.0 = Release|Any CPU
		{EB93EA03-2ACE-414D-A38D-C80E9C9597D4}.Release|x64.ActiveCfg = Release|Any CPU
		{EB93EA03-2ACE-414D-A38D-C80E9C9597D4}.Release|x64.Build.0 = Release|Any CPU
		{EB93EA03-2ACE-414D-A38D-C80E9C9597D4}.Release|x86.ActiveCfg = Release|Any CPU
		{EB93EA03-2ACE-414D-A38D-C80E9C9597D4}.Release|x86.Build.0 = Release|Any CPU
	EndGlobalSection
	GlobalSection(SolutionProperties) = preSolution
		HideSolutionNode = FALSE
	EndGlobalSection
	GlobalSection(ExtensibilityGlobals) = postSolution
		SolutionGuid = {5BF10390-ED39-4E90-9109-BF671600C8C7}
	EndGlobalSection
EndGlobal
